// !$*UTF8*$!
{
	archiveVersion = 1;
	classes = {
	};
	objectVersion = 50;
	objects = {

/* Begin PBXBuildFile section */
		52EC469B270C3FA200A62808 /* AppDelegate.swift in Sources */ = {isa = PBXBuildFile; fileRef = 52EC469A270C3FA200A62808 /* AppDelegate.swift */; };
		52EC469D270C3FA200A62808 /* SceneDelegate.swift in Sources */ = {isa = PBXBuildFile; fileRef = 52EC469C270C3FA200A62808 /* SceneDelegate.swift */; };
		52EC469F270C3FA200A62808 /* MainViewController.swift in Sources */ = {isa = PBXBuildFile; fileRef = 52EC469E270C3FA200A62808 /* MainViewController.swift */; };
		52EC46A2270C3FA200A62808 /* Main.storyboard in Resources */ = {isa = PBXBuildFile; fileRef = 52EC46A0270C3FA200A62808 /* Main.storyboard */; };
		52EC46A4270C3FA500A62808 /* Assets.xcassets in Resources */ = {isa = PBXBuildFile; fileRef = 52EC46A3270C3FA500A62808 /* Assets.xcassets */; };
		52EC46A7270C3FA500A62808 /* LaunchScreen.storyboard in Resources */ = {isa = PBXBuildFile; fileRef = 52EC46A5270C3FA500A62808 /* LaunchScreen.storyboard */; };
		52EC46B3270C47BD00A62808 /* SettingsViewController.swift in Sources */ = {isa = PBXBuildFile; fileRef = 52EC46B2270C47BD00A62808 /* SettingsViewController.swift */; };
		52EC46B6270C5AD500A62808 /* Networking.swift in Sources */ = {isa = PBXBuildFile; fileRef = 52EC46B5270C5AD500A62808 /* Networking.swift */; };
		52EC46B8270C61E300A62808 /* Magic.swift in Sources */ = {isa = PBXBuildFile; fileRef = 52EC46B7270C61E300A62808 /* Magic.swift */; };
/* End PBXBuildFile section */

/* Begin PBXFileReference section */
		52EC4697270C3FA200A62808 /* MagicBall.app */ = {isa = PBXFileReference; explicitFileType = wrapper.application; includeInIndex = 0; path = MagicBall.app; sourceTree = BUILT_PRODUCTS_DIR; };
		52EC469A270C3FA200A62808 /* AppDelegate.swift */ = {isa = PBXFileReference; lastKnownFileType = sourcecode.swift; path = AppDelegate.swift; sourceTree = "<group>"; };
		52EC469C270C3FA200A62808 /* SceneDelegate.swift */ = {isa = PBXFileReference; lastKnownFileType = sourcecode.swift; path = SceneDelegate.swift; sourceTree = "<group>"; };
		52EC469E270C3FA200A62808 /* MainViewController.swift */ = {isa = PBXFileReference; lastKnownFileType = sourcecode.swift; path = MainViewController.swift; sourceTree = "<group>"; };
		52EC46A1270C3FA200A62808 /* Base */ = {isa = PBXFileReference; lastKnownFileType = file.storyboard; name = Base; path = Base.lproj/Main.storyboard; sourceTree = "<group>"; };
		52EC46A3270C3FA500A62808 /* Assets.xcassets */ = {isa = PBXFileReference; lastKnownFileType = folder.assetcatalog; path = Assets.xcassets; sourceTree = "<group>"; };
		52EC46A6270C3FA500A62808 /* Base */ = {isa = PBXFileReference; lastKnownFileType = file.storyboard; name = Base; path = Base.lproj/LaunchScreen.storyboard; sourceTree = "<group>"; };
		52EC46A8270C3FA500A62808 /* Info.plist */ = {isa = PBXFileReference; lastKnownFileType = text.plist.xml; path = Info.plist; sourceTree = "<group>"; };
		52EC46B2270C47BD00A62808 /* SettingsViewController.swift */ = {isa = PBXFileReference; lastKnownFileType = sourcecode.swift; path = SettingsViewController.swift; sourceTree = "<group>"; };
		52EC46B5270C5AD500A62808 /* Networking.swift */ = {isa = PBXFileReference; lastKnownFileType = sourcecode.swift; path = Networking.swift; sourceTree = "<group>"; };
		52EC46B7270C61E300A62808 /* Magic.swift */ = {isa = PBXFileReference; lastKnownFileType = sourcecode.swift; path = Magic.swift; sourceTree = "<group>"; };
/* End PBXFileReference section */

/* Begin PBXFrameworksBuildPhase section */
		52EC4694270C3FA200A62808 /* Frameworks */ = {
			isa = PBXFrameworksBuildPhase;
			buildActionMask = 2147483647;
			files = (
			);
			runOnlyForDeploymentPostprocessing = 0;
		};
/* End PBXFrameworksBuildPhase section */

/* Begin PBXGroup section */
		52EC468E270C3FA200A62808 = {
			isa = PBXGroup;
			children = (
				52EC4699270C3FA200A62808 /* MagicBall */,
				52EC4698270C3FA200A62808 /* Products */,
			);
			sourceTree = "<group>";
		};
		52EC4698270C3FA200A62808 /* Products */ = {
			isa = PBXGroup;
			children = (
				52EC4697270C3FA200A62808 /* MagicBall.app */,
			);
			name = Products;
			sourceTree = "<group>";
		};
		52EC4699270C3FA200A62808 /* MagicBall */ = {
			isa = PBXGroup;
			children = (
				52EC46B4270C5AC300A62808 /* Networking */,
				52EC46B1270C3FEF00A62808 /* Model */,
				52EC46B0270C3FC200A62808 /* Supporting */,
				52EC46AF270C3FBB00A62808 /* Controllers */,
				52EC46AE270C3FB100A62808 /* View */,
				52EC46A8270C3FA500A62808 /* Info.plist */,
			);
			path = MagicBall;
			sourceTree = "<group>";
		};
		52EC46AE270C3FB100A62808 /* View */ = {
			isa = PBXGroup;
			children = (
				52EC46A5270C3FA500A62808 /* LaunchScreen.storyboard */,
				52EC46A0270C3FA200A62808 /* Main.storyboard */,
			);
			path = View;
			sourceTree = "<group>";
		};
		52EC46AF270C3FBB00A62808 /* Controllers */ = {
			isa = PBXGroup;
			children = (
				52EC469E270C3FA200A62808 /* MainViewController.swift */,
				52EC46B2270C47BD00A62808 /* SettingsViewController.swift */,
			);
			path = Controllers;
			sourceTree = "<group>";
		};
		52EC46B0270C3FC200A62808 /* Supporting */ = {
			isa = PBXGroup;
			children = (
				52EC469A270C3FA200A62808 /* AppDelegate.swift */,
				52EC469C270C3FA200A62808 /* SceneDelegate.swift */,
				52EC46A3270C3FA500A62808 /* Assets.xcassets */,
			);
			path = Supporting;
			sourceTree = "<group>";
		};
		52EC46B1270C3FEF00A62808 /* Model */ = {
			isa = PBXGroup;
			children = (
				52EC46B7270C61E300A62808 /* Magic.swift */,
			);
			path = Model;
			sourceTree = "<group>";
		};
		52EC46B4270C5AC300A62808 /* Networking */ = {
			isa = PBXGroup;
			children = (
				52EC46B5270C5AD500A62808 /* Networking.swift */,
			);
			path = Networking;
			sourceTree = "<group>";
		};
/* End PBXGroup section */

/* Begin PBXNativeTarget section */
		52EC4696270C3FA200A62808 /* MagicBall */ = {
			isa = PBXNativeTarget;
			buildConfigurationList = 52EC46AB270C3FA500A62808 /* Build configuration list for PBXNativeTarget "MagicBall" */;
			buildPhases = (
				52EC4693270C3FA200A62808 /* Sources */,
				52EC4694270C3FA200A62808 /* Frameworks */,
				52EC4695270C3FA200A62808 /* Resources */,
			);
			buildRules = (
			);
			dependencies = (
			);
			name = MagicBall;
			productName = MagicBall;
			productReference = 52EC4697270C3FA200A62808 /* MagicBall.app */;
			productType = "com.apple.product-type.application";
		};
/* End PBXNativeTarget section */

/* Begin PBXProject section */
		52EC468F270C3FA200A62808 /* Project object */ = {
			isa = PBXProject;
			attributes = {
				LastSwiftUpdateCheck = 1250;
				LastUpgradeCheck = 1250;
				TargetAttributes = {
					52EC4696270C3FA200A62808 = {
						CreatedOnToolsVersion = 12.5.1;
					};
				};
			};
			buildConfigurationList = 52EC4692270C3FA200A62808 /* Build configuration list for PBXProject "MagicBall" */;
			compatibilityVersion = "Xcode 9.3";
			developmentRegion = en;
			hasScannedForEncodings = 0;
			knownRegions = (
				en,
				Base,
			);
			mainGroup = 52EC468E270C3FA200A62808;
			productRefGroup = 52EC4698270C3FA200A62808 /* Products */;
			projectDirPath = "";
			projectRoot = "";
			targets = (
				52EC4696270C3FA200A62808 /* MagicBall */,
			);
		};
/* End PBXProject section */

/* Begin PBXResourcesBuildPhase section */
		52EC4695270C3FA200A62808 /* Resources */ = {
			isa = PBXResourcesBuildPhase;
			buildActionMask = 2147483647;
			files = (
				52EC46A7270C3FA500A62808 /* LaunchScreen.storyboard in Resources */,
				52EC46A4270C3FA500A62808 /* Assets.xcassets in Resources */,
				52EC46A2270C3FA200A62808 /* Main.storyboard in Resources */,
			);
			runOnlyForDeploymentPostprocessing = 0;
		};
/* End PBXResourcesBuildPhase section */

/* Begin PBXSourcesBuildPhase section */
		52EC4693270C3FA200A62808 /* Sources */ = {
			isa = PBXSourcesBuildPhase;
			buildActionMask = 2147483647;
			files = (
				52EC469F270C3FA200A62808 /* MainViewController.swift in Sources */,
				52EC46B8270C61E300A62808 /* Magic.swift in Sources */,
				52EC46B6270C5AD500A62808 /* Networking.swift in Sources */,
				52EC469B270C3FA200A62808 /* AppDelegate.swift in Sources */,
				52EC469D270C3FA200A62808 /* SceneDelegate.swift in Sources */,
				52EC46B3270C47BD00A62808 /* SettingsViewController.swift in Sources */,
			);
			runOnlyForDeploymentPostprocessing = 0;
		};
/* End PBXSourcesBuildPhase section */

/* Begin PBXVariantGroup section */
		52EC46A0270C3FA200A62808 /* Main.storyboard */ = {
			isa = PBXVariantGroup;
			children = (
				52EC46A1270C3FA200A62808 /* Base */,
			);
			name = Main.storyboard;
			sourceTree = "<group>";
		};
		52EC46A5270C3FA500A62808 /* LaunchScreen.storyboard */ = {
			isa = PBXVariantGroup;
			children = (
				52EC46A6270C3FA500A62808 /* Base */,
			);
			name = LaunchScreen.storyboard;
			sourceTree = "<group>";
		};
/* End PBXVariantGroup section */

/* Begin XCBuildConfiguration section */
		52EC46A9270C3FA500A62808 /* Debug */ = {
			isa = XCBuildConfiguration;
			buildSettings = {
				ALWAYS_SEARCH_USER_PATHS = NO;
				CLANG_ANALYZER_NONNULL = YES;
				CLANG_ANALYZER_NUMBER_OBJECT_CONVERSION = YES_AGGRESSIVE;
				CLANG_CXX_LANGUAGE_STANDARD = "gnu++14";
				CLANG_CXX_LIBRARY = "libc++";
				CLANG_ENABLE_MODULES = YES;
				CLANG_ENABLE_OBJC_ARC = YES;
				CLANG_ENABLE_OBJC_WEAK = YES;
				CLANG_WARN_BLOCK_CAPTURE_AUTORELEASING = YES;
				CLANG_WARN_BOOL_CONVERSION = YES;
				CLANG_WARN_COMMA = YES;
				CLANG_WARN_CONSTANT_CONVERSION = YES;
				CLANG_WARN_DEPRECATED_OBJC_IMPLEMENTATIONS = YES;
				CLANG_WARN_DIRECT_OBJC_ISA_USAGE = YES_ERROR;
				CLANG_WARN_DOCUMENTATION_COMMENTS = YES;
				CLANG_WARN_EMPTY_BODY = YES;
				CLANG_WARN_ENUM_CONVERSION = YES;
				CLANG_WARN_INFINITE_RECURSION = YES;
				CLANG_WARN_INT_CONVERSION = YES;
				CLANG_WARN_NON_LITERAL_NULL_CONVERSION = YES;
				CLANG_WARN_OBJC_IMPLICIT_RETAIN_SELF = YES;
				CLANG_WARN_OBJC_LITERAL_CONVERSION = YES;
				CLANG_WARN_OBJC_ROOT_CLASS = YES_ERROR;
				CLANG_WARN_QUOTED_INCLUDE_IN_FRAMEWORK_HEADER = YES;
				CLANG_WARN_RANGE_LOOP_ANALYSIS = YES;
				CLANG_WARN_STRICT_PROTOTYPES = YES;
				CLANG_WARN_SUSPICIOUS_MOVE = YES;
				CLANG_WARN_UNGUARDED_AVAILABILITY = YES_AGGRESSIVE;
				CLANG_WARN_UNREACHABLE_CODE = YES;
				CLANG_WARN__DUPLICATE_METHOD_MATCH = YES;
				COPY_PHASE_STRIP = NO;
				DEBUG_INFORMATION_FORMAT = dwarf;
				ENABLE_STRICT_OBJC_MSGSEND = YES;
				ENABLE_TESTABILITY = YES;
				GCC_C_LANGUAGE_STANDARD = gnu11;
				GCC_DYNAMIC_NO_PIC = NO;
				GCC_NO_COMMON_BLOCKS = YES;
				GCC_OPTIMIZATION_LEVEL = 0;
				GCC_PREPROCESSOR_DEFINITIONS = (
					"DEBUG=1",
					"$(inherited)",
				);
				GCC_WARN_64_TO_32_BIT_CONVERSION = YES;
				GCC_WARN_ABOUT_RETURN_TYPE = YES_ERROR;
				GCC_WARN_UNDECLARED_SELECTOR = YES;
				GCC_WARN_UNINITIALIZED_AUTOS = YES_AGGRESSIVE;
				GCC_WARN_UNUSED_FUNCTION = YES;
				GCC_WARN_UNUSED_VARIABLE = YES;
				IPHONEOS_DEPLOYMENT_TARGET = 15.0;
				MTL_ENABLE_DEBUG_INFO = INCLUDE_SOURCE;
				MTL_FAST_MATH = YES;
				ONLY_ACTIVE_ARCH = YES;
				SDKROOT = iphoneos;
				SWIFT_ACTIVE_COMPILATION_CONDITIONS = DEBUG;
				SWIFT_OPTIMIZATION_LEVEL = "-Onone";
			};
			name = Debug;
		};
		52EC46AA270C3FA500A62808 /* Release */ = {
			isa = XCBuildConfiguration;
			buildSettings = {
				ALWAYS_SEARCH_USER_PATHS = NO;
				CLANG_ANALYZER_NONNULL = YES;
				CLANG_ANALYZER_NUMBER_OBJECT_CONVERSION = YES_AGGRESSIVE;
				CLANG_CXX_LANGUAGE_STANDARD = "gnu++14";
				CLANG_CXX_LIBRARY = "libc++";
				CLANG_ENABLE_MODULES = YES;
				CLANG_ENABLE_OBJC_ARC = YES;
				CLANG_ENABLE_OBJC_WEAK = YES;
				CLANG_WARN_BLOCK_CAPTURE_AUTORELEASING = YES;
				CLANG_WARN_BOOL_CONVERSION = YES;
				CLANG_WARN_COMMA = YES;
				CLANG_WARN_CONSTANT_CONVERSION = YES;
				CLANG_WARN_DEPRECATED_OBJC_IMPLEMENTATIONS = YES;
				CLANG_WARN_DIRECT_OBJC_ISA_USAGE = YES_ERROR;
				CLANG_WARN_DOCUMENTATION_COMMENTS = YES;
				CLANG_WARN_EMPTY_BODY = YES;
				CLANG_WARN_ENUM_CONVERSION = YES;
				CLANG_WARN_INFINITE_RECURSION = YES;
				CLANG_WARN_INT_CONVERSION = YES;
				CLANG_WARN_NON_LITERAL_NULL_CONVERSION = YES;
				CLANG_WARN_OBJC_IMPLICIT_RETAIN_SELF = YES;
				CLANG_WARN_OBJC_LITERAL_CONVERSION = YES;
				CLANG_WARN_OBJC_ROOT_CLASS = YES_ERROR;
				CLANG_WARN_QUOTED_INCLUDE_IN_FRAMEWORK_HEADER = YES;
				CLANG_WARN_RANGE_LOOP_ANALYSIS = YES;
				CLANG_WARN_STRICT_PROTOTYPES = YES;
				CLANG_WARN_SUSPICIOUS_MOVE = YES;
				CLANG_WARN_UNGUARDED_AVAILABILITY = YES_AGGRESSIVE;
				CLANG_WARN_UNREACHABLE_CODE = YES;
				CLANG_WARN__DUPLICATE_METHOD_MATCH = YES;
				COPY_PHASE_STRIP = NO;
				DEBUG_INFORMATION_FORMAT = "dwarf-with-dsym";
				ENABLE_NS_ASSERTIONS = NO;
				ENABLE_STRICT_OBJC_MSGSEND = YES;
				GCC_C_LANGUAGE_STANDARD = gnu11;
				GCC_NO_COMMON_BLOCKS = YES;
				GCC_WARN_64_TO_32_BIT_CONVERSION = YES;
				GCC_WARN_ABOUT_RETURN_TYPE = YES_ERROR;
				GCC_WARN_UNDECLARED_SELECTOR = YES;
				GCC_WARN_UNINITIALIZED_AUTOS = YES_AGGRESSIVE;
				GCC_WARN_UNUSED_FUNCTION = YES;
				GCC_WARN_UNUSED_VARIABLE = YES;
				IPHONEOS_DEPLOYMENT_TARGET = 15.0;
				MTL_ENABLE_DEBUG_INFO = NO;
				MTL_FAST_MATH = YES;
				SDKROOT = iphoneos;
				SWIFT_COMPILATION_MODE = wholemodule;
				SWIFT_OPTIMIZATION_LEVEL = "-O";
				VALIDATE_PRODUCT = YES;
			};
			name = Release;
		};
		52EC46AC270C3FA500A62808 /* Debug */ = {
			isa = XCBuildConfiguration;
			buildSettings = {
				ASSETCATALOG_COMPILER_APPICON_NAME = AppIcon;
				ASSETCATALOG_COMPILER_GLOBAL_ACCENT_COLOR_NAME = AccentColor;
				CODE_SIGN_STYLE = Automatic;
				DEVELOPMENT_TEAM = 995ZJS25NN;
				INFOPLIST_FILE = MagicBall/Info.plist;
				LD_RUNPATH_SEARCH_PATHS = (
					"$(inherited)",
					"@executable_path/Frameworks",
				);
				PRODUCT_BUNDLE_IDENTIFIER = ru.icodeschool.MagicBall;
				PRODUCT_NAME = "$(TARGET_NAME)";
				SWIFT_VERSION = 5.0;
				TARGETED_DEVICE_FAMILY = "1,2";
			};
			name = Debug;
		};
		52EC46AD270C3FA500A62808 /* Release */ = {
			isa = XCBuildConfiguration;
			buildSettings = {
				ASSETCATALOG_COMPILER_APPICON_NAME = AppIcon;
				ASSETCATALOG_COMPILER_GLOBAL_ACCENT_COLOR_NAME = AccentColor;
				CODE_SIGN_STYLE = Automatic;
				DEVELOPMENT_TEAM = 995ZJS25NN;
				INFOPLIST_FILE = MagicBall/Info.plist;
				LD_RUNPATH_SEARCH_PATHS = (
					"$(inherited)",
					"@executable_path/Frameworks",
				);
				PRODUCT_BUNDLE_IDENTIFIER = ru.icodeschool.MagicBall;
				PRODUCT_NAME = "$(TARGET_NAME)";
				SWIFT_VERSION = 5.0;
				TARGETED_DEVICE_FAMILY = "1,2";
			};
			name = Release;
		};
/* End XCBuildConfiguration section */

/* Begin XCConfigurationList section */
		52EC4692270C3FA200A62808 /* Build configuration list for PBXProject "MagicBall" */ = {
			isa = XCConfigurationList;
			buildConfigurations = (
				52EC46A9270C3FA500A62808 /* Debug */,
				52EC46AA270C3FA500A62808 /* Release */,
			);
			defaultConfigurationIsVisible = 0;
			defaultConfigurationName = Release;
		};
		52EC46AB270C3FA500A62808 /* Build configuration list for PBXNativeTarget "MagicBall" */ = {
			isa = XCConfigurationList;
			buildConfigurations = (
				52EC46AC270C3FA500A62808 /* Debug */,
				52EC46AD270C3FA500A62808 /* Release */,
			);
			defaultConfigurationIsVisible = 0;
			defaultConfigurationName = Release;
		};
/* End XCConfigurationList section */
	};
	rootObject = 52EC468F270C3FA200A62808 /* Project object */;
}
